
Microsoft Visual Studio Solution File, Format Version 12.00
# Visual Studio Version 16
VisualStudioVersion = 16.0.29709.97
MinimumVisualStudioVersion = 10.0.40219.1
Project("{FAE04EC0-301F-11D3-BF4B-00C04F79EFBC}") = "Modul01_HelloWorld", "HelloWorld\Modul01_HelloWorld.csproj", "{EBA155D6-53AB-48E1-BDD9-3CE98A614DA2}"
EndProject
Project("{FAE04EC0-301F-11D3-BF4B-00C04F79EFBC}") = "Lab01_Minirechner", "Minirechner\Lab01_Minirechner.csproj", "{A07EF0D0-4E84-4A46-8C67-AA978D99CE7E}"
EndProject
Project("{FAE04EC0-301F-11D3-BF4B-00C04F79EFBC}") = "Modul02.1_Kontrollstrukturen", "Kontrollstrukturen\Modul02.1_Kontrollstrukturen.csproj", "{202B8A64-9862-47A6-A86C-5726B21B6A3B}"
EndProject
Project("{FAE04EC0-301F-11D3-BF4B-00C04F79EFBC}") = "Modul02.2_Zufallszahlen", "Zufallszahlen\Modul02.2_Zufallszahlen.csproj", "{6A2409A6-8BF5-4CE6-819F-96B776B0C689}"
EndProject
Project("{FAE04EC0-301F-11D3-BF4B-00C04F79EFBC}") = "Lab02_Lotto", "Lotto\Lab02_Lotto.csproj", "{7D129F14-B887-4D07-B162-D133F77CFDB3}"
EndProject
Project("{FAE04EC0-301F-11D3-BF4B-00C04F79EFBC}") = "Modul03.1_Enumeratoren", "Enumeratoren\Modul03.1_Enumeratoren.csproj", "{67920D6D-AA9D-403B-9501-F5E4D5561DE2}"
EndProject
Project("{FAE04EC0-301F-11D3-BF4B-00C04F79EFBC}") = "Modul03.2_Funktionen", "Funktionen\Modul03.2_Funktionen.csproj", "{889664D7-68E3-4F89-82A7-F65D5B1F2F70}"
EndProject
Project("{FAE04EC0-301F-11D3-BF4B-00C04F79EFBC}") = "Lab03_Taschenrechner", "Taschenrechner\Lab03_Taschenrechner.csproj", "{B6FFD021-3611-4CC4-A652-A18633014BC2}"
EndProject
Project("{FAE04EC0-301F-11D3-BF4B-00C04F79EFBC}") = "Modul04.1f_Fahrzeugpark", "Fahrzeugpark\Modul04.1f_Fahrzeugpark.csproj", "{68905BBB-16BC-4940-9670-F7C0226D5F82}"
EndProject
Project("{FAE04EC0-301F-11D3-BF4B-00C04F79EFBC}") = "Modul04.2f_TesteFahrzeugpark", "TesteFahrzeugpark\Modul04.2f_TesteFahrzeugpark.csproj", "{71027AE3-4F59-44AD-95BF-C4C25B4A5537}"
EndProject
Project("{FAE04EC0-301F-11D3-BF4B-00C04F79EFBC}") = "StructVSClass", "StructVSClass\StructVSClass.csproj", "{E509B8FA-3331-4D52-8419-C545811484E5}"
EndProject
Global
	GlobalSection(SolutionConfigurationPlatforms) = preSolution
		Debug|Any CPU = Debug|Any CPU
		Release|Any CPU = Release|Any CPU
	EndGlobalSection
	GlobalSection(ProjectConfigurationPlatforms) = postSolution
		{EBA155D6-53AB-48E1-BDD9-3CE98A614DA2}.Debug|Any CPU.ActiveCfg = Debug|Any CPU
		{EBA155D6-53AB-48E1-BDD9-3CE98A614DA2}.Debug|Any CPU.Build.0 = Debug|Any CPU
		{EBA155D6-53AB-48E1-BDD9-3CE98A614DA2}.Release|Any CPU.ActiveCfg = Release|Any CPU
		{EBA155D6-53AB-48E1-BDD9-3CE98A614DA2}.Release|Any CPU.Build.0 = Release|Any CPU
		{A07EF0D0-4E84-4A46-8C67-AA978D99CE7E}.Debug|Any CPU.ActiveCfg = Debug|Any CPU
		{A07EF0D0-4E84-4A46-8C67-AA978D99CE7E}.Debug|Any CPU.Build.0 = Debug|Any CPU
		{A07EF0D0-4E84-4A46-8C67-AA978D99CE7E}.Release|Any CPU.ActiveCfg = Release|Any CPU
		{A07EF0D0-4E84-4A46-8C67-AA978D99CE7E}.Release|Any CPU.Build.0 = Release|Any CPU
		{202B8A64-9862-47A6-A86C-5726B21B6A3B}.Debug|Any CPU.ActiveCfg = Debug|Any CPU
		{202B8A64-9862-47A6-A86C-5726B21B6A3B}.Debug|Any CPU.Build.0 = Debug|Any CPU
		{202B8A64-9862-47A6-A86C-5726B21B6A3B}.Release|Any CPU.ActiveCfg = Release|Any CPU
		{202B8A64-9862-47A6-A86C-5726B21B6A3B}.Release|Any CPU.Build.0 = Release|Any CPU
		{6A2409A6-8BF5-4CE6-819F-96B776B0C689}.Debug|Any CPU.ActiveCfg = Debug|Any CPU
		{6A2409A6-8BF5-4CE6-819F-96B776B0C689}.Debug|Any CPU.Build.0 = Debug|Any CPU
		{6A2409A6-8BF5-4CE6-819F-96B776B0C689}.Release|Any CPU.ActiveCfg = Release|Any CPU
		{6A2409A6-8BF5-4CE6-819F-96B776B0C689}.Release|Any CPU.Build.0 = Release|Any CPU
		{7D129F14-B887-4D07-B162-D133F77CFDB3}.Debug|Any CPU.ActiveCfg = Debug|Any CPU
		{7D129F14-B887-4D07-B162-D133F77CFDB3}.Debug|Any CPU.Build.0 = Debug|Any CPU
		{7D129F14-B887-4D07-B162-D133F77CFDB3}.Release|Any CPU.ActiveCfg = Release|Any CPU
		{7D129F14-B887-4D07-B162-D133F77CFDB3}.Release|Any CPU.Build.0 = Release|Any CPU
		{67920D6D-AA9D-403B-9501-F5E4D5561DE2}.Debug|Any CPU.ActiveCfg = Debug|Any CPU
		{67920D6D-AA9D-403B-9501-F5E4D5561DE2}.Debug|Any CPU.Build.0 = Debug|Any CPU
		{67920D6D-AA9D-403B-9501-F5E4D5561DE2}.Release|Any CPU.ActiveCfg = Release|Any CPU
		{67920D6D-AA9D-403B-9501-F5E4D5561DE2}.Release|Any CPU.Build.0 = Release|Any CPU
		{889664D7-68E3-4F89-82A7-F65D5B1F2F70}.Debug|Any CPU.ActiveCfg = Debug|Any CPU
		{889664D7-68E3-4F89-82A7-F65D5B1F2F70}.Debug|Any CPU.Build.0 = Debug|Any CPU
		{889664D7-68E3-4F89-82A7-F65D5B1F2F70}.Release|Any CPU.ActiveCfg = Release|Any CPU
		{889664D7-68E3-4F89-82A7-F65D5B1F2F70}.Release|Any CPU.Build.0 = Release|Any CPU
		{B6FFD021-3611-4CC4-A652-A18633014BC2}.Debug|Any CPU.ActiveCfg = Debug|Any CPU
		{B6FFD021-3611-4CC4-A652-A18633014BC2}.Debug|Any CPU.Build.0 = Debug|Any CPU
		{B6FFD021-3611-4CC4-A652-A18633014BC2}.Release|Any CPU.ActiveCfg = Release|Any CPU
		{B6FFD021-3611-4CC4-A652-A18633014BC2}.Release|Any CPU.Build.0 = Release|Any CPU
		{68905BBB-16BC-4940-9670-F7C0226D5F82}.Debug|Any CPU.ActiveCfg = Debug|Any CPU
		{68905BBB-16BC-4940-9670-F7C0226D5F82}.Debug|Any CPU.Build.0 = Debug|Any CPU
		{68905BBB-16BC-4940-9670-F7C0226D5F82}.Release|Any CPU.ActiveCfg = Release|Any CPU
		{68905BBB-16BC-4940-9670-F7C0226D5F82}.Release|Any CPU.Build.0 = Release|Any CPU
		{71027AE3-4F59-44AD-95BF-C4C25B4A5537}.Debug|Any CPU.ActiveCfg = Debug|Any CPU
		{71027AE3-4F59-44AD-95BF-C4C25B4A5537}.Debug|Any CPU.Build.0 = Debug|Any CPU
		{71027AE3-4F59-44AD-95BF-C4C25B4A5537}.Release|Any CPU.ActiveCfg = Release|Any CPU
		{71027AE3-4F59-44AD-95BF-C4C25B4A5537}.Release|Any CPU.Build.0 = Release|Any CPU
		{E509B8FA-3331-4D52-8419-C545811484E5}.Debug|Any CPU.ActiveCfg = Debug|Any CPU
		{E509B8FA-3331-4D52-8419-C545811484E5}.Debug|Any CPU.Build.0 = Debug|Any CPU
		{E509B8FA-3331-4D52-8419-C545811484E5}.Release|Any CPU.ActiveCfg = Release|Any CPU
		{E509B8FA-3331-4D52-8419-C545811484E5}.Release|Any CPU.Build.0 = Release|Any CPU
	EndGlobalSection
	GlobalSection(SolutionProperties) = preSolution
		HideSolutionNode = FALSE
	EndGlobalSection
	GlobalSection(ExtensibilityGlobals) = postSolution
		SolutionGuid = {B6999643-4666-48BB-BEA3-163B574EC905}
	EndGlobalSection
EndGlobal
