
Microsoft Visual Studio Solution File, Format Version 12.00
# Visual Studio Version 16
VisualStudioVersion = 16.0.29709.97
MinimumVisualStudioVersion = 10.0.40219.1
Project("{FAE04EC0-301F-11D3-BF4B-00C04F79EFBC}") = "Modul01_HelloWorld", "HelloWorld\Modul01_HelloWorld.csproj", "{EBA155D6-53AB-48E1-BDD9-3CE98A614DA2}"
EndProject
Project("{FAE04EC0-301F-11D3-BF4B-00C04F79EFBC}") = "Lab01_Minirechner", "Minirechner\Lab01_Minirechner.csproj", "{A07EF0D0-4E84-4A46-8C67-AA978D99CE7E}"
EndProject
Project("{FAE04EC0-301F-11D3-BF4B-00C04F79EFBC}") = "Modul02.1_Kontrollstrukturen", "Kontrollstrukturen\Modul02.1_Kontrollstrukturen.csproj", "{202B8A64-9862-47A6-A86C-5726B21B6A3B}"
EndProject
Project("{FAE04EC0-301F-11D3-BF4B-00C04F79EFBC}") = "Modul02.2_Zufallszahlen", "Zufallszahlen\Modul02.2_Zufallszahlen.csproj", "{6A2409A6-8BF5-4CE6-819F-96B776B0C689}"
EndProject
Project("{FAE04EC0-301F-11D3-BF4B-00C04F79EFBC}") = "Lab02_Lotto", "Lotto\Lab02_Lotto.csproj", "{7D129F14-B887-4D07-B162-D133F77CFDB3}"
EndProject
Project("{FAE04EC0-301F-11D3-BF4B-00C04F79EFBC}") = "Modul03.1_Enumeratoren", "Enumeratoren\Modul03.1_Enumeratoren.csproj", "{67920D6D-AA9D-403B-9501-F5E4D5561DE2}"
EndProject
Project("{FAE04EC0-301F-11D3-BF4B-00C04F79EFBC}") = "Modul03.2_Funktionen", "Funktionen\Modul03.2_Funktionen.csproj", "{889664D7-68E3-4F89-82A7-F65D5B1F2F70}"
EndProject
Project("{FAE04EC0-301F-11D3-BF4B-00C04F79EFBC}") = "Lab03_Taschenrechner", "Taschenrechner\Lab03_Taschenrechner.csproj", "{B6FFD021-3611-4CC4-A652-A18633014BC2}"
EndProject
Project("{FAE04EC0-301F-11D3-BF4B-00C04F79EFBC}") = "Modul04.1f_Fahrzeugpark", "Fahrzeugpark\Modul04.1f_Fahrzeugpark.csproj", "{68905BBB-16BC-4940-9670-F7C0226D5F82}"
EndProject
Project("{FAE04EC0-301F-11D3-BF4B-00C04F79EFBC}") = "Modul04.2f_TesteFahrzeugpark", "TesteFahrzeugpark\Modul04.2f_TesteFahrzeugpark.csproj", "{71027AE3-4F59-44AD-95BF-C4C25B4A5537}"
EndProject
Project("{FAE04EC0-301F-11D3-BF4B-00C04F79EFBC}") = "Modul04.3_StructVSClass", "StructVSClass\Modul04.3_StructVSClass.csproj", "{E509B8FA-3331-4D52-8419-C545811484E5}"
EndProject
Project("{FAE04EC0-301F-11D3-BF4B-00C04F79EFBC}") = "WdhPolymorphismus", "WdhPolymorphismus\WdhPolymorphismus.csproj", "{EE56B113-9780-436D-846A-5307022CAD73}"
EndProject
Project("{FAE04EC0-301F-11D3-BF4B-00C04F79EFBC}") = "Modul08.1_ExceptionHandling", "ExceptionHandling\Modul08.1_ExceptionHandling.csproj", "{DA58BB07-DE02-4C7E-A460-68C3FEBEF4AB}"
EndProject
Project("{FAE04EC0-301F-11D3-BF4B-00C04F79EFBC}") = "Modul08.2_UnitTestFahrzeugpark", "UnitTestFahrzeugpark\Modul08.2_UnitTestFahrzeugpark.csproj", "{4B72F7D0-C9B2-4D95-944C-EF6CEE2A01AA}"
EndProject
Project("{FAE04EC0-301F-11D3-BF4B-00C04F79EFBC}") = "Modul09.1_Delegates", "Delegates\Modul09.1_Delegates.csproj", "{686A0A91-E66C-4D47-8F2B-BC437FFE4487}"
EndProject
Project("{FAE04EC0-301F-11D3-BF4B-00C04F79EFBC}") = "Modul09.2_WindowsFormsBsp", "WindowsFormsBsp\Modul09.2_WindowsFormsBsp.csproj", "{380F23C1-F8CC-40BE-A307-F3C4EB069F3B}"
EndProject
Project("{FAE04EC0-301F-11D3-BF4B-00C04F79EFBC}") = "Lab09_ButtonMovement", "ButtonMovement\Lab09_ButtonMovement.csproj", "{5E3A5B71-2512-4EC1-9ADF-37AEFA1D59AA}"
EndProject
Project("{FAE04EC0-301F-11D3-BF4B-00C04F79EFBC}") = "Modul10.1_SpeichernUndLaden", "SpeichernUndLaden\Modul10.1_SpeichernUndLaden.csproj", "{35B09870-CB0E-4B86-B75D-D548869DACBF}"
EndProject
Project("{FAE04EC0-301F-11D3-BF4B-00C04F79EFBC}") = "Modul10.2_Serialisierung", "Serialisierung\Modul10.2_Serialisierung.csproj", "{B0474B26-A063-4C6D-91C4-0A99D001A88E}"
EndProject
Project("{FAE04EC0-301F-11D3-BF4B-00C04F79EFBC}") = "TestWPF", "TestWPF\TestWPF.csproj", "{B7CC5970-8203-4477-B7DF-EAD5D3F5B57E}"
EndProject
Global
	GlobalSection(SolutionConfigurationPlatforms) = preSolution
		Debug|Any CPU = Debug|Any CPU
		Release|Any CPU = Release|Any CPU
	EndGlobalSection
	GlobalSection(ProjectConfigurationPlatforms) = postSolution
		{EBA155D6-53AB-48E1-BDD9-3CE98A614DA2}.Debug|Any CPU.ActiveCfg = Debug|Any CPU
		{EBA155D6-53AB-48E1-BDD9-3CE98A614DA2}.Debug|Any CPU.Build.0 = Debug|Any CPU
		{EBA155D6-53AB-48E1-BDD9-3CE98A614DA2}.Release|Any CPU.ActiveCfg = Release|Any CPU
		{EBA155D6-53AB-48E1-BDD9-3CE98A614DA2}.Release|Any CPU.Build.0 = Release|Any CPU
		{A07EF0D0-4E84-4A46-8C67-AA978D99CE7E}.Debug|Any CPU.ActiveCfg = Debug|Any CPU
		{A07EF0D0-4E84-4A46-8C67-AA978D99CE7E}.Debug|Any CPU.Build.0 = Debug|Any CPU
		{A07EF0D0-4E84-4A46-8C67-AA978D99CE7E}.Release|Any CPU.ActiveCfg = Release|Any CPU
		{A07EF0D0-4E84-4A46-8C67-AA978D99CE7E}.Release|Any CPU.Build.0 = Release|Any CPU
		{202B8A64-9862-47A6-A86C-5726B21B6A3B}.Debug|Any CPU.ActiveCfg = Debug|Any CPU
		{202B8A64-9862-47A6-A86C-5726B21B6A3B}.Debug|Any CPU.Build.0 = Debug|Any CPU
		{202B8A64-9862-47A6-A86C-5726B21B6A3B}.Release|Any CPU.ActiveCfg = Release|Any CPU
		{202B8A64-9862-47A6-A86C-5726B21B6A3B}.Release|Any CPU.Build.0 = Release|Any CPU
		{6A2409A6-8BF5-4CE6-819F-96B776B0C689}.Debug|Any CPU.ActiveCfg = Debug|Any CPU
		{6A2409A6-8BF5-4CE6-819F-96B776B0C689}.Debug|Any CPU.Build.0 = Debug|Any CPU
		{6A2409A6-8BF5-4CE6-819F-96B776B0C689}.Release|Any CPU.ActiveCfg = Release|Any CPU
		{6A2409A6-8BF5-4CE6-819F-96B776B0C689}.Release|Any CPU.Build.0 = Release|Any CPU
		{7D129F14-B887-4D07-B162-D133F77CFDB3}.Debug|Any CPU.ActiveCfg = Debug|Any CPU
		{7D129F14-B887-4D07-B162-D133F77CFDB3}.Debug|Any CPU.Build.0 = Debug|Any CPU
		{7D129F14-B887-4D07-B162-D133F77CFDB3}.Release|Any CPU.ActiveCfg = Release|Any CPU
		{7D129F14-B887-4D07-B162-D133F77CFDB3}.Release|Any CPU.Build.0 = Release|Any CPU
		{67920D6D-AA9D-403B-9501-F5E4D5561DE2}.Debug|Any CPU.ActiveCfg = Debug|Any CPU
		{67920D6D-AA9D-403B-9501-F5E4D5561DE2}.Debug|Any CPU.Build.0 = Debug|Any CPU
		{67920D6D-AA9D-403B-9501-F5E4D5561DE2}.Release|Any CPU.ActiveCfg = Release|Any CPU
		{67920D6D-AA9D-403B-9501-F5E4D5561DE2}.Release|Any CPU.Build.0 = Release|Any CPU
		{889664D7-68E3-4F89-82A7-F65D5B1F2F70}.Debug|Any CPU.ActiveCfg = Debug|Any CPU
		{889664D7-68E3-4F89-82A7-F65D5B1F2F70}.Debug|Any CPU.Build.0 = Debug|Any CPU
		{889664D7-68E3-4F89-82A7-F65D5B1F2F70}.Release|Any CPU.ActiveCfg = Release|Any CPU
		{889664D7-68E3-4F89-82A7-F65D5B1F2F70}.Release|Any CPU.Build.0 = Release|Any CPU
		{B6FFD021-3611-4CC4-A652-A18633014BC2}.Debug|Any CPU.ActiveCfg = Debug|Any CPU
		{B6FFD021-3611-4CC4-A652-A18633014BC2}.Debug|Any CPU.Build.0 = Debug|Any CPU
		{B6FFD021-3611-4CC4-A652-A18633014BC2}.Release|Any CPU.ActiveCfg = Release|Any CPU
		{B6FFD021-3611-4CC4-A652-A18633014BC2}.Release|Any CPU.Build.0 = Release|Any CPU
		{68905BBB-16BC-4940-9670-F7C0226D5F82}.Debug|Any CPU.ActiveCfg = Debug|Any CPU
		{68905BBB-16BC-4940-9670-F7C0226D5F82}.Debug|Any CPU.Build.0 = Debug|Any CPU
		{68905BBB-16BC-4940-9670-F7C0226D5F82}.Release|Any CPU.ActiveCfg = Release|Any CPU
		{68905BBB-16BC-4940-9670-F7C0226D5F82}.Release|Any CPU.Build.0 = Release|Any CPU
		{71027AE3-4F59-44AD-95BF-C4C25B4A5537}.Debug|Any CPU.ActiveCfg = Debug|Any CPU
		{71027AE3-4F59-44AD-95BF-C4C25B4A5537}.Debug|Any CPU.Build.0 = Debug|Any CPU
		{71027AE3-4F59-44AD-95BF-C4C25B4A5537}.Release|Any CPU.ActiveCfg = Release|Any CPU
		{71027AE3-4F59-44AD-95BF-C4C25B4A5537}.Release|Any CPU.Build.0 = Release|Any CPU
		{E509B8FA-3331-4D52-8419-C545811484E5}.Debug|Any CPU.ActiveCfg = Debug|Any CPU
		{E509B8FA-3331-4D52-8419-C545811484E5}.Debug|Any CPU.Build.0 = Debug|Any CPU
		{E509B8FA-3331-4D52-8419-C545811484E5}.Release|Any CPU.ActiveCfg = Release|Any CPU
		{E509B8FA-3331-4D52-8419-C545811484E5}.Release|Any CPU.Build.0 = Release|Any CPU
		{EE56B113-9780-436D-846A-5307022CAD73}.Debug|Any CPU.ActiveCfg = Debug|Any CPU
		{EE56B113-9780-436D-846A-5307022CAD73}.Debug|Any CPU.Build.0 = Debug|Any CPU
		{EE56B113-9780-436D-846A-5307022CAD73}.Release|Any CPU.ActiveCfg = Release|Any CPU
		{EE56B113-9780-436D-846A-5307022CAD73}.Release|Any CPU.Build.0 = Release|Any CPU
		{DA58BB07-DE02-4C7E-A460-68C3FEBEF4AB}.Debug|Any CPU.ActiveCfg = Debug|Any CPU
		{DA58BB07-DE02-4C7E-A460-68C3FEBEF4AB}.Debug|Any CPU.Build.0 = Debug|Any CPU
		{DA58BB07-DE02-4C7E-A460-68C3FEBEF4AB}.Release|Any CPU.ActiveCfg = Release|Any CPU
		{DA58BB07-DE02-4C7E-A460-68C3FEBEF4AB}.Release|Any CPU.Build.0 = Release|Any CPU
		{4B72F7D0-C9B2-4D95-944C-EF6CEE2A01AA}.Debug|Any CPU.ActiveCfg = Debug|Any CPU
		{4B72F7D0-C9B2-4D95-944C-EF6CEE2A01AA}.Debug|Any CPU.Build.0 = Debug|Any CPU
		{4B72F7D0-C9B2-4D95-944C-EF6CEE2A01AA}.Release|Any CPU.ActiveCfg = Release|Any CPU
		{4B72F7D0-C9B2-4D95-944C-EF6CEE2A01AA}.Release|Any CPU.Build.0 = Release|Any CPU
		{686A0A91-E66C-4D47-8F2B-BC437FFE4487}.Debug|Any CPU.ActiveCfg = Debug|Any CPU
		{686A0A91-E66C-4D47-8F2B-BC437FFE4487}.Debug|Any CPU.Build.0 = Debug|Any CPU
		{686A0A91-E66C-4D47-8F2B-BC437FFE4487}.Release|Any CPU.ActiveCfg = Release|Any CPU
		{686A0A91-E66C-4D47-8F2B-BC437FFE4487}.Release|Any CPU.Build.0 = Release|Any CPU
		{380F23C1-F8CC-40BE-A307-F3C4EB069F3B}.Debug|Any CPU.ActiveCfg = Debug|Any CPU
		{380F23C1-F8CC-40BE-A307-F3C4EB069F3B}.Debug|Any CPU.Build.0 = Debug|Any CPU
		{380F23C1-F8CC-40BE-A307-F3C4EB069F3B}.Release|Any CPU.ActiveCfg = Release|Any CPU
		{380F23C1-F8CC-40BE-A307-F3C4EB069F3B}.Release|Any CPU.Build.0 = Release|Any CPU
		{5E3A5B71-2512-4EC1-9ADF-37AEFA1D59AA}.Debug|Any CPU.ActiveCfg = Debug|Any CPU
		{5E3A5B71-2512-4EC1-9ADF-37AEFA1D59AA}.Debug|Any CPU.Build.0 = Debug|Any CPU
		{5E3A5B71-2512-4EC1-9ADF-37AEFA1D59AA}.Release|Any CPU.ActiveCfg = Release|Any CPU
		{5E3A5B71-2512-4EC1-9ADF-37AEFA1D59AA}.Release|Any CPU.Build.0 = Release|Any CPU
		{35B09870-CB0E-4B86-B75D-D548869DACBF}.Debug|Any CPU.ActiveCfg = Debug|Any CPU
		{35B09870-CB0E-4B86-B75D-D548869DACBF}.Debug|Any CPU.Build.0 = Debug|Any CPU
		{35B09870-CB0E-4B86-B75D-D548869DACBF}.Release|Any CPU.ActiveCfg = Release|Any CPU
		{35B09870-CB0E-4B86-B75D-D548869DACBF}.Release|Any CPU.Build.0 = Release|Any CPU
		{B0474B26-A063-4C6D-91C4-0A99D001A88E}.Debug|Any CPU.ActiveCfg = Debug|Any CPU
		{B0474B26-A063-4C6D-91C4-0A99D001A88E}.Debug|Any CPU.Build.0 = Debug|Any CPU
		{B0474B26-A063-4C6D-91C4-0A99D001A88E}.Release|Any CPU.ActiveCfg = Release|Any CPU
		{B0474B26-A063-4C6D-91C4-0A99D001A88E}.Release|Any CPU.Build.0 = Release|Any CPU
		{B7CC5970-8203-4477-B7DF-EAD5D3F5B57E}.Debug|Any CPU.ActiveCfg = Debug|Any CPU
		{B7CC5970-8203-4477-B7DF-EAD5D3F5B57E}.Debug|Any CPU.Build.0 = Debug|Any CPU
		{B7CC5970-8203-4477-B7DF-EAD5D3F5B57E}.Release|Any CPU.ActiveCfg = Release|Any CPU
		{B7CC5970-8203-4477-B7DF-EAD5D3F5B57E}.Release|Any CPU.Build.0 = Release|Any CPU
	EndGlobalSection
	GlobalSection(SolutionProperties) = preSolution
		HideSolutionNode = FALSE
	EndGlobalSection
	GlobalSection(ExtensibilityGlobals) = postSolution
		SolutionGuid = {B6999643-4666-48BB-BEA3-163B574EC905}
	EndGlobalSection
EndGlobal
